# This file is automatically @generated by Cargo.
# It is not intended for manual editing.
version = 3

[[package]]
name = "bitflags"
version = "1.3.2"
source = "registry+https://github.com/rust-lang/crates.io-index"
checksum = "bef38d45163c2f1dde094a7dfd33ccf595c92905c8f8f4fdc18d06fb1037718a"

[[package]]
name = "cc"
version = "1.0.79"
source = "registry+https://github.com/rust-lang/crates.io-index"
checksum = "50d30906286121d95be3d479533b458f87493b30a4b5f79a607db8f5d11aa91f"
dependencies = [
 "jobserver",
]

[[package]]
name = "cfg-if"
version = "1.0.0"
source = "registry+https://github.com/rust-lang/crates.io-index"
checksum = "baf1de4339761588bc0619e3cbc0120ee582ebb74b53b4efbf79117bd2da40fd"

[[package]]
name = "clang-format"
version = "0.1.3"
source = "registry+https://github.com/rust-lang/crates.io-index"
checksum = "3c6a49aa81aee4ac71d780395eb37788414b1fdb85033b52b5f13e80cd6b9f4a"
dependencies = [
 "once_cell",
]

[[package]]
name = "codespan-reporting"
version = "0.11.1"
source = "registry+https://github.com/rust-lang/crates.io-index"
checksum = "3538270d33cc669650c4b093848450d380def10c331d38c768e34cac80576e6e"
dependencies = [
 "termcolor",
 "unicode-width",
]

[[package]]
name = "configparser"
version = "3.0.2"
source = "registry+https://github.com/rust-lang/crates.io-index"
checksum = "5458d9d1a587efaf5091602c59d299696a3877a439c8f6d461a2d3cce11df87a"

[[package]]
name = "convert_case"
version = "0.6.0"
source = "registry+https://github.com/rust-lang/crates.io-index"
checksum = "ec182b0ca2f35d8fc196cf3404988fd8b8c739a4d270ff118a398feb0cbec1ca"
dependencies = [
 "unicode-segmentation",
]

[[package]]
name = "cxx"
version = "1.0.94"
source = "registry+https://github.com/rust-lang/crates.io-index"
checksum = "f61f1b6389c3fe1c316bf8a4dccc90a38208354b330925bce1f74a6c4756eb93"
dependencies = [
 "cc",
 "cxxbridge-flags",
 "cxxbridge-macro",
 "link-cplusplus",
]

[[package]]
name = "cxx-build"
version = "1.0.94"
source = "registry+https://github.com/rust-lang/crates.io-index"
checksum = "12cee708e8962df2aeb38f594aae5d827c022b6460ac71a7a3e2c3c2aae5a07b"
dependencies = [
 "cc",
 "codespan-reporting",
 "once_cell",
 "proc-macro2",
 "quote",
 "scratch",
 "syn 2.0.28",
]

[[package]]
name = "cxx-gen"
version = "0.7.94"
source = "registry+https://github.com/rust-lang/crates.io-index"
checksum = "ee165c38de64e6761c2f38b7e9beee0721110f8585165987ef9db2a753ee4176"
dependencies = [
 "codespan-reporting",
 "proc-macro2",
 "quote",
 "syn 2.0.28",
]

[[package]]
name = "cxx-qt"
version = "0.5.3"
source = "registry+https://github.com/rust-lang/crates.io-index"
checksum = "2002fa000d687f8cf21abce76d85d4eceef638dcd2a146dc3f61b47e67d89220"
dependencies = [
 "cxx-qt-gen",
 "proc-macro2",
 "syn 1.0.109",
]

[[package]]
name = "cxx-qt-build"
version = "0.5.3"
source = "registry+https://github.com/rust-lang/crates.io-index"
checksum = "e83a15e8f8f39677d2f9e62850bb79218db25d7a352b0f2134932bf5eb3fdff2"
dependencies = [
 "cc",
 "convert_case",
 "cxx-gen",
 "cxx-qt-gen",
 "cxx-qt-lib-headers",
 "proc-macro2",
 "qt-build-utils",
 "quote",
]

[[package]]
name = "cxx-qt-gen"
version = "0.5.3"
source = "registry+https://github.com/rust-lang/crates.io-index"
checksum = "389cd0e44b265d2a23124006c2100571040bda5c0b74e98e9a3740f9abf309db"
dependencies = [
 "clang-format",
 "convert_case",
 "indoc",
 "proc-macro2",
 "quote",
 "syn 1.0.109",
]

[[package]]
name = "cxx-qt-lib"
version = "0.5.3"
source = "registry+https://github.com/rust-lang/crates.io-index"
checksum = "8cee7ccaf5fc9f0a4562aae0dcd387756dda0772571e0b9d0f255f542a970b50"
dependencies = [
 "cxx",
 "cxx-build",
 "cxx-qt-lib-headers",
 "qt-build-utils",
]

[[package]]
name = "cxx-qt-lib-headers"
version = "0.5.3"
source = "registry+https://github.com/rust-lang/crates.io-index"
checksum = "d7fa7bf31bd520d00536d27b9e26a265a1cba6d84ec544175f254c755406110c"

[[package]]
name = "cxxbridge-flags"
version = "1.0.94"
source = "registry+https://github.com/rust-lang/crates.io-index"
checksum = "7944172ae7e4068c533afbb984114a56c46e9ccddda550499caa222902c7f7bb"

[[package]]
name = "cxxbridge-macro"
version = "1.0.94"
source = "registry+https://github.com/rust-lang/crates.io-index"
checksum = "2345488264226bf682893e25de0769f3360aac9957980ec49361b083ddaa5bc5"
dependencies = [
 "proc-macro2",
 "quote",
 "syn 2.0.28",
]

[[package]]
name = "deranged"
version = "0.3.7"
source = "registry+https://github.com/rust-lang/crates.io-index"
checksum = "7684a49fb1af197853ef7b2ee694bc1f5b4179556f1e5710e1760c5db6f5e929"

[[package]]
name = "diesel"
version = "2.1.0"
source = "registry+https://github.com/rust-lang/crates.io-index"
checksum = "f7a532c1f99a0f596f6960a60d1e119e91582b24b39e2d83a190e61262c3ef0c"
dependencies = [
 "diesel_derives",
 "libsqlite3-sys",
 "time",
]

[[package]]
name = "diesel_derives"
version = "2.1.0"
source = "registry+https://github.com/rust-lang/crates.io-index"
checksum = "74398b79d81e52e130d991afeed9c86034bb1b7735f46d2f5bf7deb261d80303"
dependencies = [
 "diesel_table_macro_syntax",
 "proc-macro2",
 "quote",
 "syn 2.0.28",
]

[[package]]
name = "diesel_migrations"
version = "2.1.0"
source = "registry+https://github.com/rust-lang/crates.io-index"
checksum = "6036b3f0120c5961381b570ee20a02432d7e2d27ea60de9578799cf9156914ac"
dependencies = [
 "diesel",
 "migrations_internals",
 "migrations_macros",
]

[[package]]
name = "diesel_table_macro_syntax"
version = "0.1.0"
source = "registry+https://github.com/rust-lang/crates.io-index"
checksum = "fc5557efc453706fed5e4fa85006fe9817c224c3f480a34c7e5959fd700921c5"
dependencies = [
 "syn 2.0.28",
]

[[package]]
name = "dirs"
version = "5.0.1"
source = "registry+https://github.com/rust-lang/crates.io-index"
checksum = "44c45a9d03d6676652bcb5e724c7e988de1acad23a711b5217ab9cbecbec2225"
dependencies = [
 "dirs-sys",
]

[[package]]
name = "dirs-sys"
version = "0.4.1"
source = "registry+https://github.com/rust-lang/crates.io-index"
checksum = "520f05a5cbd335fae5a99ff7a6ab8627577660ee5cfd6a94a6a929b52ff0321c"
dependencies = [
 "libc",
 "option-ext",
 "redox_users",
 "windows-sys",
]

[[package]]
name = "either"
version = "1.8.1"
source = "registry+https://github.com/rust-lang/crates.io-index"
checksum = "7fcaabb2fef8c910e7f4c7ce9f67a1283a1715879a7c230ca9d6d1ae31f16d91"

[[package]]
name = "equivalent"
version = "1.0.1"
source = "registry+https://github.com/rust-lang/crates.io-index"
checksum = "5443807d6dff69373d433ab9ef5378ad8df50ca6298caf15de6e52e24aaf54d5"

[[package]]
name = "fastrand"
version = "2.0.0"
source = "registry+https://github.com/rust-lang/crates.io-index"
checksum = "6999dc1837253364c2ebb0704ba97994bd874e8f195d665c50b7548f6ea92764"

[[package]]
name = "filetime"
version = "0.2.22"
source = "registry+https://github.com/rust-lang/crates.io-index"
checksum = "d4029edd3e734da6fe05b6cd7bd2960760a616bd2ddd0d59a0124746d6272af0"
dependencies = [
 "cfg-if",
 "libc",
 "redox_syscall 0.3.5",
 "windows-sys",
]

[[package]]
name = "getrandom"
version = "0.2.9"
source = "registry+https://github.com/rust-lang/crates.io-index"
checksum = "c85e1d9ab2eadba7e5040d4e09cbd6d072b76a557ad64e797c2cb9d4da21d7e4"
dependencies = [
 "cfg-if",
 "libc",
 "wasi",
]

[[package]]
name = "hashbrown"
version = "0.14.0"
source = "registry+https://github.com/rust-lang/crates.io-index"
checksum = "2c6201b9ff9fd90a5a3bac2e56a830d0caa509576f0e503818ee82c181b3437a"

[[package]]
name = "indexmap"
version = "2.0.0"
source = "registry+https://github.com/rust-lang/crates.io-index"
checksum = "d5477fe2230a79769d8dc68e0eabf5437907c0457a5614a9e8dddb67f65eb65d"
dependencies = [
 "equivalent",
 "hashbrown",
]

[[package]]
name = "indoc"
version = "2.0.1"
source = "registry+https://github.com/rust-lang/crates.io-index"
checksum = "9f2cb48b81b1dc9f39676bf99f5499babfec7cd8fe14307f7b3d747208fb5690"

[[package]]
name = "itertools"
version = "0.10.5"
source = "registry+https://github.com/rust-lang/crates.io-index"
checksum = "b0fd2260e829bddf4cb6ea802289de2f86d6a7a690192fbe91b3f46e0f2c8473"
dependencies = [
 "either",
]

[[package]]
name = "itoa"
version = "1.0.6"
source = "registry+https://github.com/rust-lang/crates.io-index"
checksum = "453ad9f582a441959e5f0d088b02ce04cfe8d51a8eaf077f12ac6d3e94164ca6"

[[package]]
name = "jobserver"
version = "0.1.26"
source = "registry+https://github.com/rust-lang/crates.io-index"
checksum = "936cfd212a0155903bcbc060e316fb6cc7cbf2e1907329391ebadc1fe0ce77c2"
dependencies = [
 "libc",
]

[[package]]
name = "libc"
version = "0.2.147"
source = "registry+https://github.com/rust-lang/crates.io-index"
checksum = "b4668fb0ea861c1df094127ac5f1da3409a82116a4ba74fca2e58ef927159bb3"

[[package]]
name = "liblumina"
version = "0.1.0"
dependencies = [
 "configparser",
 "cxx",
 "cxx-qt",
 "cxx-qt-build",
 "cxx-qt-lib",
 "diesel",
 "diesel_migrations",
 "dirs",
 "fastrand",
 "libsqlite3-sys",
 "quote",
 "serde",
 "serde_derive",
 "serde_json",
 "tar",
 "youtube_dl",
 "zstd",
]

[[package]]
name = "libsqlite3-sys"
version = "0.25.2"
source = "registry+https://github.com/rust-lang/crates.io-index"
checksum = "29f835d03d717946d28b1d1ed632eb6f0e24a299388ee623d0c23118d3e8a7fa"
dependencies = [
 "cc",
 "pkg-config",
 "vcpkg",
]

[[package]]
name = "link-cplusplus"
version = "1.0.8"
source = "registry+https://github.com/rust-lang/crates.io-index"
checksum = "ecd207c9c713c34f95a097a5b029ac2ce6010530c7b49d7fea24d977dede04f5"
dependencies = [
 "cc",
]

[[package]]
name = "log"
version = "0.4.17"
source = "registry+https://github.com/rust-lang/crates.io-index"
checksum = "abb12e687cfb44aa40f41fc3978ef76448f9b6038cad6aef4259d3c095a2382e"
dependencies = [
 "cfg-if",
]

[[package]]
name = "memchr"
version = "2.5.0"
source = "registry+https://github.com/rust-lang/crates.io-index"
checksum = "2dffe52ecf27772e601905b7522cb4ef790d2cc203488bbd0e2fe85fcb74566d"

[[package]]
name = "migrations_internals"
version = "2.1.0"
source = "registry+https://github.com/rust-lang/crates.io-index"
checksum = "0f23f71580015254b020e856feac3df5878c2c7a8812297edd6c0a485ac9dada"
dependencies = [
 "serde",
 "toml",
]

[[package]]
name = "migrations_macros"
version = "2.1.0"
source = "registry+https://github.com/rust-lang/crates.io-index"
checksum = "cce3325ac70e67bbab5bd837a31cae01f1a6db64e0e744a33cb03a543469ef08"
dependencies = [
 "migrations_internals",
 "proc-macro2",
 "quote",
]

[[package]]
name = "minimal-lexical"
version = "0.2.1"
source = "registry+https://github.com/rust-lang/crates.io-index"
checksum = "68354c5c6bd36d73ff3feceb05efa59b6acb7626617f4962be322a825e61f79a"

[[package]]
name = "nom"
version = "7.1.3"
source = "registry+https://github.com/rust-lang/crates.io-index"
checksum = "d273983c5a657a70a3e8f2a01329822f3b8c8172b73826411a55751e404a0a4a"
dependencies = [
 "memchr",
 "minimal-lexical",
]

[[package]]
name = "once_cell"
version = "1.17.1"
source = "registry+https://github.com/rust-lang/crates.io-index"
checksum = "b7e5500299e16ebb147ae15a00a942af264cf3688f47923b8fc2cd5858f23ad3"

[[package]]
name = "option-ext"
version = "0.2.0"
source = "registry+https://github.com/rust-lang/crates.io-index"
checksum = "04744f49eae99ab78e0d5c0b603ab218f515ea8cfe5a456d7629ad883a3b6e7d"

[[package]]
name = "pkg-config"
version = "0.3.27"
source = "registry+https://github.com/rust-lang/crates.io-index"
checksum = "26072860ba924cbfa98ea39c8c19b4dd6a4a25423dbdf219c1eca91aa0cf6964"

[[package]]
name = "proc-macro2"
version = "1.0.66"
source = "registry+https://github.com/rust-lang/crates.io-index"
checksum = "18fb31db3f9bddb2ea821cde30a9f70117e3f119938b5ee630b7403aa6e2ead9"
dependencies = [
 "unicode-ident",
]

[[package]]
name = "qt-build-utils"
version = "0.5.3"
source = "registry+https://github.com/rust-lang/crates.io-index"
checksum = "d5ce806205819a87696bb9275c831be88a79592f035d4cc17d01625395cbe1da"
dependencies = [
 "thiserror",
 "versions",
]

[[package]]
name = "quote"
version = "1.0.32"
source = "registry+https://github.com/rust-lang/crates.io-index"
checksum = "50f3b39ccfb720540debaa0164757101c08ecb8d326b15358ce76a62c7e85965"
dependencies = [
 "proc-macro2",
]

[[package]]
name = "redox_syscall"
version = "0.2.16"
source = "registry+https://github.com/rust-lang/crates.io-index"
checksum = "fb5a58c1855b4b6819d59012155603f0b22ad30cad752600aadfcb695265519a"
dependencies = [
 "bitflags",
]

[[package]]
name = "redox_syscall"
version = "0.3.5"
source = "registry+https://github.com/rust-lang/crates.io-index"
checksum = "567664f262709473930a4bf9e51bf2ebf3348f2e748ccc50dea20646858f8f29"
dependencies = [
 "bitflags",
]

[[package]]
name = "redox_users"
version = "0.4.3"
source = "registry+https://github.com/rust-lang/crates.io-index"
checksum = "b033d837a7cf162d7993aded9304e30a83213c648b6e389db233191f891e5c2b"
dependencies = [
 "getrandom",
 "redox_syscall 0.2.16",
 "thiserror",
]

[[package]]
name = "ryu"
version = "1.0.13"
source = "registry+https://github.com/rust-lang/crates.io-index"
checksum = "f91339c0467de62360649f8d3e185ca8de4224ff281f66000de5eb2a77a79041"

[[package]]
name = "scratch"
version = "1.0.5"
source = "registry+https://github.com/rust-lang/crates.io-index"
checksum = "1792db035ce95be60c3f8853017b3999209281c24e2ba5bc8e59bf97a0c590c1"

[[package]]
name = "serde"
version = "1.0.183"
source = "registry+https://github.com/rust-lang/crates.io-index"
checksum = "32ac8da02677876d532745a130fc9d8e6edfa81a269b107c5b00829b91d8eb3c"
dependencies = [
 "serde_derive",
]

[[package]]
name = "serde_derive"
version = "1.0.183"
source = "registry+https://github.com/rust-lang/crates.io-index"
checksum = "aafe972d60b0b9bee71a91b92fee2d4fb3c9d7e8f6b179aa99f27203d99a4816"
dependencies = [
 "proc-macro2",
 "quote",
 "syn 2.0.28",
]

[[package]]
name = "serde_json"
version = "1.0.104"
source = "registry+https://github.com/rust-lang/crates.io-index"
checksum = "076066c5f1078eac5b722a31827a8832fe108bed65dfa75e233c89f8206e976c"
dependencies = [
 "itoa",
 "ryu",
 "serde",
]

[[package]]
name = "serde_spanned"
version = "0.6.3"
source = "registry+https://github.com/rust-lang/crates.io-index"
checksum = "96426c9936fd7a0124915f9185ea1d20aa9445cc9821142f0a73bc9207a2e186"
dependencies = [
 "serde",
]

[[package]]
name = "syn"
version = "1.0.109"
source = "registry+https://github.com/rust-lang/crates.io-index"
checksum = "72b64191b275b66ffe2469e8af2c1cfe3bafa67b529ead792a6d0160888b4237"
dependencies = [
 "proc-macro2",
 "quote",
 "unicode-ident",
]

[[package]]
name = "syn"
version = "2.0.28"
source = "registry+https://github.com/rust-lang/crates.io-index"
checksum = "04361975b3f5e348b2189d8dc55bc942f278b2d482a6a0365de5bdd62d351567"
dependencies = [
 "proc-macro2",
 "quote",
 "unicode-ident",
]

[[package]]
name = "tar"
version = "0.4.40"
source = "registry+https://github.com/rust-lang/crates.io-index"
checksum = "b16afcea1f22891c49a00c751c7b63b2233284064f11a200fc624137c51e2ddb"
dependencies = [
 "filetime",
 "libc",
 "xattr",
]

[[package]]
name = "termcolor"
version = "1.2.0"
source = "registry+https://github.com/rust-lang/crates.io-index"
checksum = "be55cf8942feac5c765c2c993422806843c9a9a45d4d5c407ad6dd2ea95eb9b6"
dependencies = [
 "winapi-util",
]

[[package]]
name = "thiserror"
version = "1.0.40"
source = "registry+https://github.com/rust-lang/crates.io-index"
checksum = "978c9a314bd8dc99be594bc3c175faaa9794be04a5a5e153caba6915336cebac"
dependencies = [
 "thiserror-impl",
]

[[package]]
name = "thiserror-impl"
version = "1.0.40"
source = "registry+https://github.com/rust-lang/crates.io-index"
checksum = "f9456a42c5b0d803c8cd86e73dd7cc9edd429499f37a3550d286d5e86720569f"
dependencies = [
 "proc-macro2",
 "quote",
 "syn 2.0.28",
]

[[package]]
name = "time"
version = "0.3.25"
source = "registry+https://github.com/rust-lang/crates.io-index"
checksum = "b0fdd63d58b18d663fbdf70e049f00a22c8e42be082203be7f26589213cd75ea"
dependencies = [
 "deranged",
 "itoa",
 "serde",
 "time-core",
 "time-macros",
]

[[package]]
name = "time-core"
version = "0.1.1"
source = "registry+https://github.com/rust-lang/crates.io-index"
checksum = "7300fbefb4dadc1af235a9cef3737cea692a9d97e1b9cbcd4ebdae6f8868e6fb"

[[package]]
name = "time-macros"
version = "0.2.11"
source = "registry+https://github.com/rust-lang/crates.io-index"
checksum = "eb71511c991639bb078fd5bf97757e03914361c48100d52878b8e52b46fb92cd"
dependencies = [
 "time-core",
]

[[package]]
name = "toml"
version = "0.7.6"
source = "registry+https://github.com/rust-lang/crates.io-index"
checksum = "c17e963a819c331dcacd7ab957d80bc2b9a9c1e71c804826d2f283dd65306542"
dependencies = [
 "serde",
 "serde_spanned",
 "toml_datetime",
 "toml_edit",
]

[[package]]
name = "toml_datetime"
version = "0.6.3"
source = "registry+https://github.com/rust-lang/crates.io-index"
checksum = "7cda73e2f1397b1262d6dfdcef8aafae14d1de7748d66822d3bfeeb6d03e5e4b"
dependencies = [
 "serde",
]

[[package]]
name = "toml_edit"
version = "0.19.14"
source = "registry+https://github.com/rust-lang/crates.io-index"
checksum = "f8123f27e969974a3dfba720fdb560be359f57b44302d280ba72e76a74480e8a"
dependencies = [
 "indexmap",
 "serde",
 "serde_spanned",
 "toml_datetime",
 "winnow",
]

[[package]]
name = "unicode-ident"
version = "1.0.8"
source = "registry+https://github.com/rust-lang/crates.io-index"
checksum = "e5464a87b239f13a63a501f2701565754bae92d243d4bb7eb12f6d57d2269bf4"

[[package]]
name = "unicode-segmentation"
version = "1.10.1"
source = "registry+https://github.com/rust-lang/crates.io-index"
checksum = "1dd624098567895118886609431a7c3b8f516e41d30e0643f03d94592a147e36"

[[package]]
name = "unicode-width"
version = "0.1.10"
source = "registry+https://github.com/rust-lang/crates.io-index"
checksum = "c0edd1e5b14653f783770bce4a4dabb4a5108a5370a5f5d8cfe8710c361f6c8b"

[[package]]
name = "vcpkg"
version = "0.2.15"
source = "registry+https://github.com/rust-lang/crates.io-index"
checksum = "accd4ea62f7bb7a82fe23066fb0957d48ef677f6eeb8215f372f52e48bb32426"

[[package]]
name = "versions"
version = "4.1.0"
source = "registry+https://github.com/rust-lang/crates.io-index"
checksum = "ee97e1d97bd593fb513912a07691b742361b3dd64ad56f2c694ea2dbfe0665d3"
dependencies = [
 "itertools",
 "nom",
]

[[package]]
name = "wait-timeout"
version = "0.2.0"
source = "registry+https://github.com/rust-lang/crates.io-index"
checksum = "9f200f5b12eb75f8c1ed65abd4b2db8a6e1b138a20de009dacee265a2498f3f6"
dependencies = [
 "libc",
]

[[package]]
name = "wasi"
version = "0.11.0+wasi-snapshot-preview1"
source = "registry+https://github.com/rust-lang/crates.io-index"
checksum = "9c8d87e72b64a3b4db28d11ce29237c246188f4f51057d65a7eab63b7987e423"

[[package]]
name = "winapi"
version = "0.3.9"
source = "registry+https://github.com/rust-lang/crates.io-index"
checksum = "5c839a674fcd7a98952e593242ea400abe93992746761e38641405d28b00f419"
dependencies = [
 "winapi-i686-pc-windows-gnu",
 "winapi-x86_64-pc-windows-gnu",
]

[[package]]
name = "winapi-i686-pc-windows-gnu"
version = "0.4.0"
source = "registry+https://github.com/rust-lang/crates.io-index"
checksum = "ac3b87c63620426dd9b991e5ce0329eff545bccbbb34f3be09ff6fb6ab51b7b6"

[[package]]
name = "winapi-util"
version = "0.1.5"
source = "registry+https://github.com/rust-lang/crates.io-index"
checksum = "70ec6ce85bb158151cae5e5c87f95a8e97d2c0c4b001223f33a334e3ce5de178"
dependencies = [
 "winapi",
]

[[package]]
name = "winapi-x86_64-pc-windows-gnu"
version = "0.4.0"
source = "registry+https://github.com/rust-lang/crates.io-index"
checksum = "712e227841d057c1ee1cd2fb22fa7e5a5461ae8e48fa2ca79ec42cfc1931183f"

[[package]]
name = "windows-sys"
version = "0.48.0"
source = "registry+https://github.com/rust-lang/crates.io-index"
checksum = "677d2418bec65e3338edb076e806bc1ec15693c5d0104683f2efe857f61056a9"
dependencies = [
 "windows-targets",
]

[[package]]
name = "windows-targets"
version = "0.48.0"
source = "registry+https://github.com/rust-lang/crates.io-index"
checksum = "7b1eb6f0cd7c80c79759c929114ef071b87354ce476d9d94271031c0497adfd5"
dependencies = [
 "windows_aarch64_gnullvm",
 "windows_aarch64_msvc",
 "windows_i686_gnu",
 "windows_i686_msvc",
 "windows_x86_64_gnu",
 "windows_x86_64_gnullvm",
 "windows_x86_64_msvc",
]

[[package]]
name = "windows_aarch64_gnullvm"
version = "0.48.0"
source = "registry+https://github.com/rust-lang/crates.io-index"
checksum = "91ae572e1b79dba883e0d315474df7305d12f569b400fcf90581b06062f7e1bc"

[[package]]
name = "windows_aarch64_msvc"
version = "0.48.0"
source = "registry+https://github.com/rust-lang/crates.io-index"
checksum = "b2ef27e0d7bdfcfc7b868b317c1d32c641a6fe4629c171b8928c7b08d98d7cf3"

[[package]]
name = "windows_i686_gnu"
version = "0.48.0"
source = "registry+https://github.com/rust-lang/crates.io-index"
checksum = "622a1962a7db830d6fd0a69683c80a18fda201879f0f447f065a3b7467daa241"

[[package]]
name = "windows_i686_msvc"
version = "0.48.0"
source = "registry+https://github.com/rust-lang/crates.io-index"
checksum = "4542c6e364ce21bf45d69fdd2a8e455fa38d316158cfd43b3ac1c5b1b19f8e00"

[[package]]
name = "windows_x86_64_gnu"
version = "0.48.0"
source = "registry+https://github.com/rust-lang/crates.io-index"
checksum = "ca2b8a661f7628cbd23440e50b05d705db3686f894fc9580820623656af974b1"

[[package]]
name = "windows_x86_64_gnullvm"
version = "0.48.0"
source = "registry+https://github.com/rust-lang/crates.io-index"
checksum = "7896dbc1f41e08872e9d5e8f8baa8fdd2677f29468c4e156210174edc7f7b953"

[[package]]
name = "windows_x86_64_msvc"
version = "0.48.0"
source = "registry+https://github.com/rust-lang/crates.io-index"
checksum = "1a515f5799fe4961cb532f983ce2b23082366b898e52ffbce459c86f67c8378a"

[[package]]
name = "winnow"
version = "0.5.3"
source = "registry+https://github.com/rust-lang/crates.io-index"
checksum = "f46aab759304e4d7b2075a9aecba26228bb073ee8c50db796b2c72c676b5d807"
dependencies = [
 "memchr",
]

[[package]]
name = "xattr"
version = "1.0.1"
source = "registry+https://github.com/rust-lang/crates.io-index"
checksum = "f4686009f71ff3e5c4dbcf1a282d0a44db3f021ba69350cd42086b3e5f1c6985"
dependencies = [
 "libc",
]

[[package]]
name = "youtube_dl"
version = "0.8.0"
source = "registry+https://github.com/rust-lang/crates.io-index"
checksum = "fd3525e9e8fe49f1c976a6d1ed2878b2637a0c1d202ef2a32529ad4b64f4b73f"
dependencies = [
 "log",
 "serde",
 "serde_json",
 "wait-timeout",
]

[[package]]
name = "zstd"
version = "0.12.4"
source = "registry+https://github.com/rust-lang/crates.io-index"
checksum = "1a27595e173641171fc74a1232b7b1c7a7cb6e18222c11e9dfb9888fa424c53c"
dependencies = [
 "zstd-safe",
]

[[package]]
name = "zstd-safe"
version = "6.0.6"
source = "registry+https://github.com/rust-lang/crates.io-index"
checksum = "ee98ffd0b48ee95e6c5168188e44a54550b1564d9d530ee21d5f0eaed1069581"
dependencies = [
 "libc",
 "zstd-sys",
]

[[package]]
name = "zstd-sys"
version = "2.0.8+zstd.1.5.5"
source = "registry+https://github.com/rust-lang/crates.io-index"
checksum = "5556e6ee25d32df2586c098bbfa278803692a20d0ab9565e049480d52707ec8c"
dependencies = [
 "cc",
 "libc",
 "pkg-config",
]
